
Microsoft Visual Studio Solution File, Format Version 12.00
# Visual Studio Version 17
VisualStudioVersion = 17.0.31825.309
MinimumVisualStudioVersion = 10.0.40219.1
Project("{FAE04EC0-301F-11D3-BF4B-00C04F79EFBC}") = "Recruiter", "Recruiter\Recruiter.csproj", "{D8A18BD4-D43B-4C04-90B1-BC30C1E67623}"
EndProject
Global
	GlobalSection(SolutionConfigurationPlatforms) = preSolution
		Debug|Any CPU = Debug|Any CPU
		Debug|x64 = Debug|x64
		Release|Any CPU = Release|Any CPU
		Release|x64 = Release|x64
	EndGlobalSection
	GlobalSection(ProjectConfigurationPlatforms) = postSolution
		{D8A18BD4-D43B-4C04-90B1-BC30C1E67623}.Debug|Any CPU.ActiveCfg = Debug|Any CPU
		{D8A18BD4-D43B-4C04-90B1-BC30C1E67623}.Debug|Any CPU.Build.0 = Debug|Any CPU
		{D8A18BD4-D43B-4C04-90B1-BC30C1E67623}.Debug|x64.ActiveCfg = Debug|x64
		{D8A18BD4-D43B-4C04-90B1-BC30C1E67623}.Debug|x64.Build.0 = Debug|x64
		{D8A18BD4-D43B-4C04-90B1-BC30C1E67623}.Release|Any CPU.ActiveCfg = Release|Any CPU
		{D8A18BD4-D43B-4C04-90B1-BC30C1E67623}.Release|Any CPU.Build.0 = Release|Any CPU
		{D8A18BD4-D43B-4C04-90B1-BC30C1E67623}.Release|x64.ActiveCfg = Release|x64
		{D8A18BD4-D43B-4C04-90B1-BC30C1E67623}.Release|x64.Build.0 = Release|x64
	EndGlobalSection
	GlobalSection(SolutionProperties) = preSolution
		HideSolutionNode = FALSE
	EndGlobalSection
	GlobalSection(ExtensibilityGlobals) = postSolution
		SolutionGuid = {0507E642-F46E-4119-A924-2B3E3615A390}
	EndGlobalSection
EndGlobal
